
Microsoft Visual Studio Solution File, Format Version 12.00
# Visual Studio Version 16
VisualStudioVersion = 16.0.30002.166
MinimumVisualStudioVersion = 10.0.40219.1
Project("{FAE04EC0-301F-11D3-BF4B-00C04F79EFBC}") = "SecuritySystemLab1", "SecuritySystemLab1\SecuritySystemLab1.csproj", "{6B6D15C2-44C1-4FFD-B421-2E59E1B7D619}"
EndProject
Global
	GlobalSection(SolutionConfigurationPlatforms) = preSolution
		Debug|Any CPU = Debug|Any CPU
		Release|Any CPU = Release|Any CPU
	EndGlobalSection
	GlobalSection(ProjectConfigurationPlatforms) = postSolution
		{6B6D15C2-44C1-4FFD-B421-2E59E1B7D619}.Debug|Any CPU.ActiveCfg = Debug|Any CPU
		{6B6D15C2-44C1-4FFD-B421-2E59E1B7D619}.Debug|Any CPU.Build.0 = Debug|Any CPU
		{6B6D15C2-44C1-4FFD-B421-2E59E1B7D619}.Release|Any CPU.ActiveCfg = Release|Any CPU
		{6B6D15C2-44C1-4FFD-B421-2E59E1B7D619}.Release|Any CPU.Build.0 = Release|Any CPU
	EndGlobalSection
	GlobalSection(SolutionProperties) = preSolution
		HideSolutionNode = FALSE
	EndGlobalSection
	GlobalSection(ExtensibilityGlobals) = postSolution
		SolutionGuid = {940934C7-CBBD-4C86-8D8B-F812EE0184D9}
	EndGlobalSection
EndGlobal
